
Microsoft Visual Studio Solution File, Format Version 12.00
# Visual Studio 14
VisualStudioVersion = 14.0.25123.0
MinimumVisualStudioVersion = 10.0.40219.1
Project("{FAE04EC0-301F-11D3-BF4B-00C04F79EFBC}") = "Lab1", "Lab1\Lab1.csproj", "{CBB37397-E09A-4AB5-90E8-25E7B3DF7A20}"
EndProject
Project("{2150E333-8FDC-42A3-9474-1A3956D46DE8}") = "Lab1", "Lab1", "{B6E0DBE4-B57E-48AA-8AA5-464439A5F3B8}"
EndProject
Project("{2150E333-8FDC-42A3-9474-1A3956D46DE8}") = "Lab2", "Lab2", "{3E21F75C-2F86-4F2F-8C45-0042AEC7BE4B}"
EndProject
Project("{2150E333-8FDC-42A3-9474-1A3956D46DE8}") = "Lab3", "Lab3", "{5807FD9C-6059-4C82-8C4D-396D9F08EDF9}"
EndProject
Project("{2150E333-8FDC-42A3-9474-1A3956D46DE8}") = "Lab4", "Lab4", "{310EBD7B-4934-410C-88E1-A02AC32279B9}"
EndProject
Project("{2150E333-8FDC-42A3-9474-1A3956D46DE8}") = "Lab5", "Lab5", "{8E546F6B-1451-4520-A530-011CDA375D89}"
EndProject
Project("{2150E333-8FDC-42A3-9474-1A3956D46DE8}") = "Lab6", "Lab6", "{AE108541-7C6B-46B0-9B59-BF3E13E1F46B}"
EndProject
Project("{2150E333-8FDC-42A3-9474-1A3956D46DE8}") = "Lab7", "Lab7", "{7A3283C7-8330-4DC7-8607-724FF44C22B1}"
EndProject
Project("{FAE04EC0-301F-11D3-BF4B-00C04F79EFBC}") = "Lab2", "Lab2\Lab2.csproj", "{69D92DD1-B248-4202-B42E-B8318F2D4E1B}"
EndProject
Project("{FAE04EC0-301F-11D3-BF4B-00C04F79EFBC}") = "Lab1Lib", "Lab1Lib\Lab1Lib.csproj", "{7529870F-DBC3-446B-B178-2419052584D7}"
EndProject
Project("{FAE04EC0-301F-11D3-BF4B-00C04F79EFBC}") = "AVLTree", "AVLTree\AVLTree.csproj", "{2E18749C-3131-4760-A9E6-817541615BC8}"
EndProject
Project("{FAE04EC0-301F-11D3-BF4B-00C04F79EFBC}") = "AVLTree Tests", "AVLTree Tests\AVLTree Tests.csproj", "{DD30E9C6-7D88-46AD-A7C5-2ACB9E09AF0B}"
EndProject
Project("{FAE04EC0-301F-11D3-BF4B-00C04F79EFBC}") = "Lab1Tests", "Lab1Tests\Lab1Tests.csproj", "{CD61FFFE-43E3-4845-B819-308AD779081B}"
EndProject
Project("{FAE04EC0-301F-11D3-BF4B-00C04F79EFBC}") = "HashTableLib", "HashTableLib\HashTableLib.csproj", "{BB211339-6976-4FFC-9FCD-2A55CC22BA25}"
EndProject
Project("{FAE04EC0-301F-11D3-BF4B-00C04F79EFBC}") = "HashTableTests", "HashTableTests\HashTableTests.csproj", "{80FD4E59-F74E-4295-9F41-646E433FDD55}"
EndProject
Project("{FAE04EC0-301F-11D3-BF4B-00C04F79EFBC}") = "HashTableProgram", "HashTableProgram\HashTableProgram.csproj", "{674369EF-62D5-420B-8659-0AFE5C6D3567}"
EndProject
Project("{FAE04EC0-301F-11D3-BF4B-00C04F79EFBC}") = "BinaryHeapLib", "BinaryHeapLib\BinaryHeapLib.csproj", "{F6BAA69B-8F5D-412C-971D-8D2CF49FBDCC}"
EndProject
Project("{FAE04EC0-301F-11D3-BF4B-00C04F79EFBC}") = "SkipListApp", "SkipListApp\SkipListApp.csproj", "{B0653636-106E-4F72-9FC1-31166BD9068E}"
EndProject
Project("{FAE04EC0-301F-11D3-BF4B-00C04F79EFBC}") = "SkipListLib", "SkipListLib\SkipListLib.csproj", "{539526B5-4764-42D2-B2C5-33839C671458}"
EndProject
Project("{FAE04EC0-301F-11D3-BF4B-00C04F79EFBC}") = "SubstringSearching", "SubstringSearching\SubstringSearching.csproj", "{ADC4C328-CE71-42FB-9B74-4F98600A3AC7}"
EndProject
Project("{FAE04EC0-301F-11D3-BF4B-00C04F79EFBC}") = "SubstringCoreLib", "SubstringCoreLib\SubstringCoreLib.csproj", "{C9A4C88E-40F8-442D-935A-C9CEA298FB79}"
EndProject
Global
	GlobalSection(SolutionConfigurationPlatforms) = preSolution
		Debug|Any CPU = Debug|Any CPU
		Release|Any CPU = Release|Any CPU
	EndGlobalSection
	GlobalSection(ProjectConfigurationPlatforms) = postSolution
		{CBB37397-E09A-4AB5-90E8-25E7B3DF7A20}.Debug|Any CPU.ActiveCfg = Debug|Any CPU
		{CBB37397-E09A-4AB5-90E8-25E7B3DF7A20}.Debug|Any CPU.Build.0 = Debug|Any CPU
		{CBB37397-E09A-4AB5-90E8-25E7B3DF7A20}.Release|Any CPU.ActiveCfg = Release|Any CPU
		{CBB37397-E09A-4AB5-90E8-25E7B3DF7A20}.Release|Any CPU.Build.0 = Release|Any CPU
		{69D92DD1-B248-4202-B42E-B8318F2D4E1B}.Debug|Any CPU.ActiveCfg = Debug|Any CPU
		{69D92DD1-B248-4202-B42E-B8318F2D4E1B}.Debug|Any CPU.Build.0 = Debug|Any CPU
		{69D92DD1-B248-4202-B42E-B8318F2D4E1B}.Release|Any CPU.ActiveCfg = Release|Any CPU
		{69D92DD1-B248-4202-B42E-B8318F2D4E1B}.Release|Any CPU.Build.0 = Release|Any CPU
		{7529870F-DBC3-446B-B178-2419052584D7}.Debug|Any CPU.ActiveCfg = Debug|Any CPU
		{7529870F-DBC3-446B-B178-2419052584D7}.Debug|Any CPU.Build.0 = Debug|Any CPU
		{7529870F-DBC3-446B-B178-2419052584D7}.Release|Any CPU.ActiveCfg = Release|Any CPU
		{7529870F-DBC3-446B-B178-2419052584D7}.Release|Any CPU.Build.0 = Release|Any CPU
		{2E18749C-3131-4760-A9E6-817541615BC8}.Debug|Any CPU.ActiveCfg = Debug|Any CPU
		{2E18749C-3131-4760-A9E6-817541615BC8}.Debug|Any CPU.Build.0 = Debug|Any CPU
		{2E18749C-3131-4760-A9E6-817541615BC8}.Release|Any CPU.ActiveCfg = Release|Any CPU
		{2E18749C-3131-4760-A9E6-817541615BC8}.Release|Any CPU.Build.0 = Release|Any CPU
		{DD30E9C6-7D88-46AD-A7C5-2ACB9E09AF0B}.Debug|Any CPU.ActiveCfg = Debug|Any CPU
		{DD30E9C6-7D88-46AD-A7C5-2ACB9E09AF0B}.Debug|Any CPU.Build.0 = Debug|Any CPU
		{DD30E9C6-7D88-46AD-A7C5-2ACB9E09AF0B}.Release|Any CPU.ActiveCfg = Release|Any CPU
		{DD30E9C6-7D88-46AD-A7C5-2ACB9E09AF0B}.Release|Any CPU.Build.0 = Release|Any CPU
		{CD61FFFE-43E3-4845-B819-308AD779081B}.Debug|Any CPU.ActiveCfg = Debug|Any CPU
		{CD61FFFE-43E3-4845-B819-308AD779081B}.Debug|Any CPU.Build.0 = Debug|Any CPU
		{CD61FFFE-43E3-4845-B819-308AD779081B}.Release|Any CPU.ActiveCfg = Release|Any CPU
		{CD61FFFE-43E3-4845-B819-308AD779081B}.Release|Any CPU.Build.0 = Release|Any CPU
		{BB211339-6976-4FFC-9FCD-2A55CC22BA25}.Debug|Any CPU.ActiveCfg = Debug|Any CPU
		{BB211339-6976-4FFC-9FCD-2A55CC22BA25}.Debug|Any CPU.Build.0 = Debug|Any CPU
		{BB211339-6976-4FFC-9FCD-2A55CC22BA25}.Release|Any CPU.ActiveCfg = Release|Any CPU
		{BB211339-6976-4FFC-9FCD-2A55CC22BA25}.Release|Any CPU.Build.0 = Release|Any CPU
		{80FD4E59-F74E-4295-9F41-646E433FDD55}.Debug|Any CPU.ActiveCfg = Debug|Any CPU
		{80FD4E59-F74E-4295-9F41-646E433FDD55}.Debug|Any CPU.Build.0 = Debug|Any CPU
		{80FD4E59-F74E-4295-9F41-646E433FDD55}.Release|Any CPU.ActiveCfg = Release|Any CPU
		{80FD4E59-F74E-4295-9F41-646E433FDD55}.Release|Any CPU.Build.0 = Release|Any CPU
		{674369EF-62D5-420B-8659-0AFE5C6D3567}.Debug|Any CPU.ActiveCfg = Debug|Any CPU
		{674369EF-62D5-420B-8659-0AFE5C6D3567}.Debug|Any CPU.Build.0 = Debug|Any CPU
		{674369EF-62D5-420B-8659-0AFE5C6D3567}.Release|Any CPU.ActiveCfg = Release|Any CPU
		{674369EF-62D5-420B-8659-0AFE5C6D3567}.Release|Any CPU.Build.0 = Release|Any CPU
		{F6BAA69B-8F5D-412C-971D-8D2CF49FBDCC}.Debug|Any CPU.ActiveCfg = Debug|Any CPU
		{F6BAA69B-8F5D-412C-971D-8D2CF49FBDCC}.Debug|Any CPU.Build.0 = Debug|Any CPU
		{F6BAA69B-8F5D-412C-971D-8D2CF49FBDCC}.Release|Any CPU.ActiveCfg = Release|Any CPU
		{F6BAA69B-8F5D-412C-971D-8D2CF49FBDCC}.Release|Any CPU.Build.0 = Release|Any CPU
		{B0653636-106E-4F72-9FC1-31166BD9068E}.Debug|Any CPU.ActiveCfg = Debug|Any CPU
		{B0653636-106E-4F72-9FC1-31166BD9068E}.Debug|Any CPU.Build.0 = Debug|Any CPU
		{B0653636-106E-4F72-9FC1-31166BD9068E}.Release|Any CPU.ActiveCfg = Release|Any CPU
		{B0653636-106E-4F72-9FC1-31166BD9068E}.Release|Any CPU.Build.0 = Release|Any CPU
		{539526B5-4764-42D2-B2C5-33839C671458}.Debug|Any CPU.ActiveCfg = Debug|Any CPU
		{539526B5-4764-42D2-B2C5-33839C671458}.Debug|Any CPU.Build.0 = Debug|Any CPU
		{539526B5-4764-42D2-B2C5-33839C671458}.Release|Any CPU.ActiveCfg = Release|Any CPU
		{539526B5-4764-42D2-B2C5-33839C671458}.Release|Any CPU.Build.0 = Release|Any CPU
		{ADC4C328-CE71-42FB-9B74-4F98600A3AC7}.Debug|Any CPU.ActiveCfg = Debug|Any CPU
		{ADC4C328-CE71-42FB-9B74-4F98600A3AC7}.Debug|Any CPU.Build.0 = Debug|Any CPU
		{ADC4C328-CE71-42FB-9B74-4F98600A3AC7}.Release|Any CPU.ActiveCfg = Release|Any CPU
		{ADC4C328-CE71-42FB-9B74-4F98600A3AC7}.Release|Any CPU.Build.0 = Release|Any CPU
		{C9A4C88E-40F8-442D-935A-C9CEA298FB79}.Debug|Any CPU.ActiveCfg = Debug|Any CPU
		{C9A4C88E-40F8-442D-935A-C9CEA298FB79}.Debug|Any CPU.Build.0 = Debug|Any CPU
		{C9A4C88E-40F8-442D-935A-C9CEA298FB79}.Release|Any CPU.ActiveCfg = Release|Any CPU
		{C9A4C88E-40F8-442D-935A-C9CEA298FB79}.Release|Any CPU.Build.0 = Release|Any CPU
	EndGlobalSection
	GlobalSection(SolutionProperties) = preSolution
		HideSolutionNode = FALSE
	EndGlobalSection
	GlobalSection(NestedProjects) = preSolution
		{CBB37397-E09A-4AB5-90E8-25E7B3DF7A20} = {B6E0DBE4-B57E-48AA-8AA5-464439A5F3B8}
		{69D92DD1-B248-4202-B42E-B8318F2D4E1B} = {3E21F75C-2F86-4F2F-8C45-0042AEC7BE4B}
		{7529870F-DBC3-446B-B178-2419052584D7} = {B6E0DBE4-B57E-48AA-8AA5-464439A5F3B8}
		{2E18749C-3131-4760-A9E6-817541615BC8} = {3E21F75C-2F86-4F2F-8C45-0042AEC7BE4B}
		{DD30E9C6-7D88-46AD-A7C5-2ACB9E09AF0B} = {3E21F75C-2F86-4F2F-8C45-0042AEC7BE4B}
		{CD61FFFE-43E3-4845-B819-308AD779081B} = {B6E0DBE4-B57E-48AA-8AA5-464439A5F3B8}
		{BB211339-6976-4FFC-9FCD-2A55CC22BA25} = {5807FD9C-6059-4C82-8C4D-396D9F08EDF9}
		{80FD4E59-F74E-4295-9F41-646E433FDD55} = {5807FD9C-6059-4C82-8C4D-396D9F08EDF9}
		{674369EF-62D5-420B-8659-0AFE5C6D3567} = {5807FD9C-6059-4C82-8C4D-396D9F08EDF9}
		{F6BAA69B-8F5D-412C-971D-8D2CF49FBDCC} = {8E546F6B-1451-4520-A530-011CDA375D89}
		{B0653636-106E-4F72-9FC1-31166BD9068E} = {310EBD7B-4934-410C-88E1-A02AC32279B9}
		{539526B5-4764-42D2-B2C5-33839C671458} = {310EBD7B-4934-410C-88E1-A02AC32279B9}
		{ADC4C328-CE71-42FB-9B74-4F98600A3AC7} = {AE108541-7C6B-46B0-9B59-BF3E13E1F46B}
		{C9A4C88E-40F8-442D-935A-C9CEA298FB79} = {AE108541-7C6B-46B0-9B59-BF3E13E1F46B}
	EndGlobalSection
EndGlobal
